// !$*UTF8*$!
{
	archiveVersion = 1;
	classes = {
	};
	objectVersion = 56;
	objects = {

/* Begin PBXBuildFile section */
		0B0EE69C2A40602400AEBC72 /* ApiManager.swift in Sources */ = {isa = PBXBuildFile; fileRef = 0B0EE69B2A40602400AEBC72 /* ApiManager.swift */; };
		0B0EE69E2A407F0900AEBC72 /* User.swift in Sources */ = {isa = PBXBuildFile; fileRef = 0B0EE69D2A407F0900AEBC72 /* User.swift */; };
		0B0EE6AB2A40C87900AEBC72 /* MenuViewController.swift in Sources */ = {isa = PBXBuildFile; fileRef = 0B0EE6AA2A40C87900AEBC72 /* MenuViewController.swift */; };
		0B3287C62A3B50ED0028B71D /* AppDelegate.swift in Sources */ = {isa = PBXBuildFile; fileRef = 0B3287C52A3B50ED0028B71D /* AppDelegate.swift */; };
		0B3287C82A3B50ED0028B71D /* SceneDelegate.swift in Sources */ = {isa = PBXBuildFile; fileRef = 0B3287C72A3B50ED0028B71D /* SceneDelegate.swift */; };
		0B3287CA2A3B50ED0028B71D /* ViewController.swift in Sources */ = {isa = PBXBuildFile; fileRef = 0B3287C92A3B50ED0028B71D /* ViewController.swift */; };
		0B3287CF2A3B50EE0028B71D /* Assets.xcassets in Resources */ = {isa = PBXBuildFile; fileRef = 0B3287CE2A3B50EE0028B71D /* Assets.xcassets */; };
		0B9CE9882A41B6360037DA80 /* CartItem.swift in Sources */ = {isa = PBXBuildFile; fileRef = 0B9CE9872A41B6360037DA80 /* CartItem.swift */; };
		0BD789A22A3DB35E00E6DA6F /* Main.storyboard in Resources */ = {isa = PBXBuildFile; fileRef = 0BD789A12A3DB35E00E6DA6F /* Main.storyboard */; };
		0BD789A42A3DEDBE00E6DA6F /* LogInViewController.swift in Sources */ = {isa = PBXBuildFile; fileRef = 0BD789A32A3DEDBE00E6DA6F /* LogInViewController.swift */; };
		0BED5F312A3E1A7100172B4F /* Constants.swift in Sources */ = {isa = PBXBuildFile; fileRef = 0BED5F302A3E1A7100172B4F /* Constants.swift */; };
		0BED5F332A3E215600172B4F /* RegisterViewController.swift in Sources */ = {isa = PBXBuildFile; fileRef = 0BED5F322A3E215600172B4F /* RegisterViewController.swift */; };
		54EB76DF9AA9F6266D03B930 /* Pods_Coffee_app.framework in Frameworks */ = {isa = PBXBuildFile; fileRef = ED4C18AF2F24B63E628CE36D /* Pods_Coffee_app.framework */; };
/* End PBXBuildFile section */

/* Begin PBXFileReference section */
		0B0EE69B2A40602400AEBC72 /* ApiManager.swift */ = {isa = PBXFileReference; lastKnownFileType = sourcecode.swift; path = ApiManager.swift; sourceTree = "<group>"; };
		0B0EE69D2A407F0900AEBC72 /* User.swift */ = {isa = PBXFileReference; lastKnownFileType = sourcecode.swift; path = User.swift; sourceTree = "<group>"; };
		0B0EE6AA2A40C87900AEBC72 /* MenuViewController.swift */ = {isa = PBXFileReference; lastKnownFileType = sourcecode.swift; path = MenuViewController.swift; sourceTree = "<group>"; };
		0B3287C22A3B50ED0028B71D /* Coffee_app.app */ = {isa = PBXFileReference; explicitFileType = wrapper.application; includeInIndex = 0; path = Coffee_app.app; sourceTree = BUILT_PRODUCTS_DIR; };
		0B3287C52A3B50ED0028B71D /* AppDelegate.swift */ = {isa = PBXFileReference; lastKnownFileType = sourcecode.swift; path = AppDelegate.swift; sourceTree = "<group>"; };
		0B3287C72A3B50ED0028B71D /* SceneDelegate.swift */ = {isa = PBXFileReference; lastKnownFileType = sourcecode.swift; path = SceneDelegate.swift; sourceTree = "<group>"; };
		0B3287C92A3B50ED0028B71D /* ViewController.swift */ = {isa = PBXFileReference; lastKnownFileType = sourcecode.swift; path = ViewController.swift; sourceTree = "<group>"; };
		0B3287CE2A3B50EE0028B71D /* Assets.xcassets */ = {isa = PBXFileReference; lastKnownFileType = folder.assetcatalog; path = Assets.xcassets; sourceTree = "<group>"; };
		0B3287D32A3B50EE0028B71D /* Info.plist */ = {isa = PBXFileReference; lastKnownFileType = text.plist.xml; path = Info.plist; sourceTree = "<group>"; };
		0B9CE9872A41B6360037DA80 /* CartItem.swift */ = {isa = PBXFileReference; lastKnownFileType = sourcecode.swift; path = CartItem.swift; sourceTree = "<group>"; };
		0BD789A12A3DB35E00E6DA6F /* Main.storyboard */ = {isa = PBXFileReference; lastKnownFileType = file.storyboard; path = Main.storyboard; sourceTree = "<group>"; };
		0BD789A32A3DEDBE00E6DA6F /* LogInViewController.swift */ = {isa = PBXFileReference; lastKnownFileType = sourcecode.swift; path = LogInViewController.swift; sourceTree = "<group>"; };
		0BED5F302A3E1A7100172B4F /* Constants.swift */ = {isa = PBXFileReference; lastKnownFileType = sourcecode.swift; path = Constants.swift; sourceTree = "<group>"; };
		0BED5F322A3E215600172B4F /* RegisterViewController.swift */ = {isa = PBXFileReference; lastKnownFileType = sourcecode.swift; path = RegisterViewController.swift; sourceTree = "<group>"; };
		2264933908EA246829BD17B0 /* Pods-Coffee_app.debug.xcconfig */ = {isa = PBXFileReference; includeInIndex = 1; lastKnownFileType = text.xcconfig; name = "Pods-Coffee_app.debug.xcconfig"; path = "Target Support Files/Pods-Coffee_app/Pods-Coffee_app.debug.xcconfig"; sourceTree = "<group>"; };
		6971D2A40DF50D637260496A /* Pods-Coffee_app.release.xcconfig */ = {isa = PBXFileReference; includeInIndex = 1; lastKnownFileType = text.xcconfig; name = "Pods-Coffee_app.release.xcconfig"; path = "Target Support Files/Pods-Coffee_app/Pods-Coffee_app.release.xcconfig"; sourceTree = "<group>"; };
		ED4C18AF2F24B63E628CE36D /* Pods_Coffee_app.framework */ = {isa = PBXFileReference; explicitFileType = wrapper.framework; includeInIndex = 0; path = Pods_Coffee_app.framework; sourceTree = BUILT_PRODUCTS_DIR; };
/* End PBXFileReference section */

/* Begin PBXFrameworksBuildPhase section */
		0B3287BF2A3B50ED0028B71D /* Frameworks */ = {
			isa = PBXFrameworksBuildPhase;
			buildActionMask = 2147483647;
			files = (
				54EB76DF9AA9F6266D03B930 /* Pods_Coffee_app.framework in Frameworks */,
			);
			runOnlyForDeploymentPostprocessing = 0;
		};
/* End PBXFrameworksBuildPhase section */

/* Begin PBXGroup section */
		0B3287B92A3B50ED0028B71D = {
			isa = PBXGroup;
			children = (
				0B3287C42A3B50ED0028B71D /* Coffee_app */,
				0B3287C32A3B50ED0028B71D /* Products */,
				17959BBA37FA45F4BF4CF2F1 /* Pods */,
				1DE51382DFBBD3F3D61AFB61 /* Frameworks */,
			);
			sourceTree = "<group>";
		};
		0B3287C32A3B50ED0028B71D /* Products */ = {
			isa = PBXGroup;
			children = (
				0B3287C22A3B50ED0028B71D /* Coffee_app.app */,
			);
			name = Products;
			sourceTree = "<group>";
		};
		0B3287C42A3B50ED0028B71D /* Coffee_app */ = {
			isa = PBXGroup;
			children = (
				0B3287C52A3B50ED0028B71D /* AppDelegate.swift */,
				0B3287C72A3B50ED0028B71D /* SceneDelegate.swift */,
				0B0EE69D2A407F0900AEBC72 /* User.swift */,
				0BED5F302A3E1A7100172B4F /* Constants.swift */,
				0B3287DB2A3B90C00028B71D /* Model */,
				0B3287D92A3B909E0028B71D /* View */,
				0B3287DA2A3B90AC0028B71D /* Controllers */,
				0B3287CE2A3B50EE0028B71D /* Assets.xcassets */,
				0B3287D32A3B50EE0028B71D /* Info.plist */,
			);
			path = Coffee_app;
			sourceTree = "<group>";
		};
		0B3287D92A3B909E0028B71D /* View */ = {
			isa = PBXGroup;
			children = (
				0BD789A12A3DB35E00E6DA6F /* Main.storyboard */,
			);
			path = View;
			sourceTree = "<group>";
		};
		0B3287DA2A3B90AC0028B71D /* Controllers */ = {
			isa = PBXGroup;
			children = (
				0B3287C92A3B50ED0028B71D /* ViewController.swift */,
				0BD789A32A3DEDBE00E6DA6F /* LogInViewController.swift */,
				0BED5F322A3E215600172B4F /* RegisterViewController.swift */,
				0B0EE6AA2A40C87900AEBC72 /* MenuViewController.swift */,
			);
			path = Controllers;
			sourceTree = "<group>";
		};
		0B3287DB2A3B90C00028B71D /* Model */ = {
			isa = PBXGroup;
			children = (
				0B0EE69B2A40602400AEBC72 /* ApiManager.swift */,
				0B9CE9872A41B6360037DA80 /* CartItem.swift */,
			);
			path = Model;
			sourceTree = "<group>";
		};
		17959BBA37FA45F4BF4CF2F1 /* Pods */ = {
			isa = PBXGroup;
			children = (
				2264933908EA246829BD17B0 /* Pods-Coffee_app.debug.xcconfig */,
				6971D2A40DF50D637260496A /* Pods-Coffee_app.release.xcconfig */,
			);
			path = Pods;
			sourceTree = "<group>";
		};
		1DE51382DFBBD3F3D61AFB61 /* Frameworks */ = {
			isa = PBXGroup;
			children = (
				ED4C18AF2F24B63E628CE36D /* Pods_Coffee_app.framework */,
			);
			name = Frameworks;
			sourceTree = "<group>";
		};
/* End PBXGroup section */

/* Begin PBXNativeTarget section */
		0B3287C12A3B50ED0028B71D /* Coffee_app */ = {
			isa = PBXNativeTarget;
			buildConfigurationList = 0B3287D62A3B50EE0028B71D /* Build configuration list for PBXNativeTarget "Coffee_app" */;
			buildPhases = (
				D6BD2B50869229077A72F924 /* [CP] Check Pods Manifest.lock */,
				0B3287BE2A3B50ED0028B71D /* Sources */,
				0B3287BF2A3B50ED0028B71D /* Frameworks */,
				0B3287C02A3B50ED0028B71D /* Resources */,
				B0090E2125AD10E7C355D03E /* [CP] Embed Pods Frameworks */,
			);
			buildRules = (
			);
			dependencies = (
			);
			name = Coffee_app;
			productName = Coffee_app;
			productReference = 0B3287C22A3B50ED0028B71D /* Coffee_app.app */;
			productType = "com.apple.product-type.application";
		};
/* End PBXNativeTarget section */

/* Begin PBXProject section */
		0B3287BA2A3B50ED0028B71D /* Project object */ = {
			isa = PBXProject;
			attributes = {
				BuildIndependentTargetsInParallel = 1;
				LastSwiftUpdateCheck = 1430;
				LastUpgradeCheck = 1430;
				TargetAttributes = {
					0B3287C12A3B50ED0028B71D = {
						CreatedOnToolsVersion = 14.3.1;
					};
				};
			};
			buildConfigurationList = 0B3287BD2A3B50ED0028B71D /* Build configuration list for PBXProject "Coffee_app" */;
			compatibilityVersion = "Xcode 14.0";
			developmentRegion = en;
			hasScannedForEncodings = 0;
			knownRegions = (
				en,
				Base,
			);
			mainGroup = 0B3287B92A3B50ED0028B71D;
			productRefGroup = 0B3287C32A3B50ED0028B71D /* Products */;
			projectDirPath = "";
			projectRoot = "";
			targets = (
				0B3287C12A3B50ED0028B71D /* Coffee_app */,
			);
		};
/* End PBXProject section */

/* Begin PBXResourcesBuildPhase section */
		0B3287C02A3B50ED0028B71D /* Resources */ = {
			isa = PBXResourcesBuildPhase;
			buildActionMask = 2147483647;
			files = (
				0BD789A22A3DB35E00E6DA6F /* Main.storyboard in Resources */,
				0B3287CF2A3B50EE0028B71D /* Assets.xcassets in Resources */,
			);
			runOnlyForDeploymentPostprocessing = 0;
		};
/* End PBXResourcesBuildPhase section */

/* Begin PBXShellScriptBuildPhase section */
		B0090E2125AD10E7C355D03E /* [CP] Embed Pods Frameworks */ = {
			isa = PBXShellScriptBuildPhase;
			buildActionMask = 2147483647;
			files = (
			);
			inputFileListPaths = (
				"${PODS_ROOT}/Target Support Files/Pods-Coffee_app/Pods-Coffee_app-frameworks-${CONFIGURATION}-input-files.xcfilelist",
			);
			name = "[CP] Embed Pods Frameworks";
			outputFileListPaths = (
				"${PODS_ROOT}/Target Support Files/Pods-Coffee_app/Pods-Coffee_app-frameworks-${CONFIGURATION}-output-files.xcfilelist",
			);
			runOnlyForDeploymentPostprocessing = 0;
			shellPath = /bin/sh;
			shellScript = "\"${PODS_ROOT}/Target Support Files/Pods-Coffee_app/Pods-Coffee_app-frameworks.sh\"\n";
			showEnvVarsInLog = 0;
		};
		D6BD2B50869229077A72F924 /* [CP] Check Pods Manifest.lock */ = {
			isa = PBXShellScriptBuildPhase;
			buildActionMask = 2147483647;
			files = (
			);
			inputFileListPaths = (
			);
			inputPaths = (
				"${PODS_PODFILE_DIR_PATH}/Podfile.lock",
				"${PODS_ROOT}/Manifest.lock",
			);
			name = "[CP] Check Pods Manifest.lock";
			outputFileListPaths = (
			);
			outputPaths = (
				"$(DERIVED_FILE_DIR)/Pods-Coffee_app-checkManifestLockResult.txt",
			);
			runOnlyForDeploymentPostprocessing = 0;
			shellPath = /bin/sh;
			shellScript = "diff \"${PODS_PODFILE_DIR_PATH}/Podfile.lock\" \"${PODS_ROOT}/Manifest.lock\" > /dev/null\nif [ $? != 0 ] ; then\n    # print error to STDERR\n    echo \"error: The sandbox is not in sync with the Podfile.lock. Run 'pod install' or update your CocoaPods installation.\" >&2\n    exit 1\nfi\n# This output is used by Xcode 'outputs' to avoid re-running this script phase.\necho \"SUCCESS\" > \"${SCRIPT_OUTPUT_FILE_0}\"\n";
			showEnvVarsInLog = 0;
		};
/* End PBXShellScriptBuildPhase section */

/* Begin PBXSourcesBuildPhase section */
		0B3287BE2A3B50ED0028B71D /* Sources */ = {
			isa = PBXSourcesBuildPhase;
			buildActionMask = 2147483647;
			files = (
				0BED5F312A3E1A7100172B4F /* Constants.swift in Sources */,
				0BD789A42A3DEDBE00E6DA6F /* LogInViewController.swift in Sources */,
				0B3287CA2A3B50ED0028B71D /* ViewController.swift in Sources */,
				0B0EE69C2A40602400AEBC72 /* ApiManager.swift in Sources */,
				0B0EE6AB2A40C87900AEBC72 /* MenuViewController.swift in Sources */,
				0B0EE69E2A407F0900AEBC72 /* User.swift in Sources */,
				0BED5F332A3E215600172B4F /* RegisterViewController.swift in Sources */,
				0B3287C62A3B50ED0028B71D /* AppDelegate.swift in Sources */,
				0B9CE9882A41B6360037DA80 /* CartItem.swift in Sources */,
				0B3287C82A3B50ED0028B71D /* SceneDelegate.swift in Sources */,
			);
			runOnlyForDeploymentPostprocessing = 0;
		};
/* End PBXSourcesBuildPhase section */

/* Begin XCBuildConfiguration section */
		0B3287D42A3B50EE0028B71D /* Debug */ = {
			isa = XCBuildConfiguration;
			buildSettings = {
				ALWAYS_SEARCH_USER_PATHS = NO;
				CLANG_ANALYZER_NONNULL = YES;
				CLANG_ANALYZER_NUMBER_OBJECT_CONVERSION = YES_AGGRESSIVE;
				CLANG_CXX_LANGUAGE_STANDARD = "gnu++20";
				CLANG_ENABLE_MODULES = YES;
				CLANG_ENABLE_OBJC_ARC = YES;
				CLANG_ENABLE_OBJC_WEAK = YES;
				CLANG_WARN_BLOCK_CAPTURE_AUTORELEASING = YES;
				CLANG_WARN_BOOL_CONVERSION = YES;
				CLANG_WARN_COMMA = YES;
				CLANG_WARN_CONSTANT_CONVERSION = YES;
				CLANG_WARN_DEPRECATED_OBJC_IMPLEMENTATIONS = YES;
				CLANG_WARN_DIRECT_OBJC_ISA_USAGE = YES_ERROR;
				CLANG_WARN_DOCUMENTATION_COMMENTS = YES;
				CLANG_WARN_EMPTY_BODY = YES;
				CLANG_WARN_ENUM_CONVERSION = YES;
				CLANG_WARN_INFINITE_RECURSION = YES;
				CLANG_WARN_INT_CONVERSION = YES;
				CLANG_WARN_NON_LITERAL_NULL_CONVERSION = YES;
				CLANG_WARN_OBJC_IMPLICIT_RETAIN_SELF = YES;
				CLANG_WARN_OBJC_LITERAL_CONVERSION = YES;
				CLANG_WARN_OBJC_ROOT_CLASS = YES_ERROR;
				CLANG_WARN_QUOTED_INCLUDE_IN_FRAMEWORK_HEADER = YES;
				CLANG_WARN_RANGE_LOOP_ANALYSIS = YES;
				CLANG_WARN_STRICT_PROTOTYPES = YES;
				CLANG_WARN_SUSPICIOUS_MOVE = YES;
				CLANG_WARN_UNGUARDED_AVAILABILITY = YES_AGGRESSIVE;
				CLANG_WARN_UNREACHABLE_CODE = YES;
				CLANG_WARN__DUPLICATE_METHOD_MATCH = YES;
				COPY_PHASE_STRIP = NO;
				DEBUG_INFORMATION_FORMAT = dwarf;
				ENABLE_STRICT_OBJC_MSGSEND = YES;
				ENABLE_TESTABILITY = YES;
				GCC_C_LANGUAGE_STANDARD = gnu11;
				GCC_DYNAMIC_NO_PIC = NO;
				GCC_NO_COMMON_BLOCKS = YES;
				GCC_OPTIMIZATION_LEVEL = 0;
				GCC_PREPROCESSOR_DEFINITIONS = (
					"DEBUG=1",
					"$(inherited)",
				);
				GCC_WARN_64_TO_32_BIT_CONVERSION = YES;
				GCC_WARN_ABOUT_RETURN_TYPE = YES_ERROR;
				GCC_WARN_UNDECLARED_SELECTOR = YES;
				GCC_WARN_UNINITIALIZED_AUTOS = YES_AGGRESSIVE;
				GCC_WARN_UNUSED_FUNCTION = YES;
				GCC_WARN_UNUSED_VARIABLE = YES;
				IPHONEOS_DEPLOYMENT_TARGET = 16.4;
				MTL_ENABLE_DEBUG_INFO = INCLUDE_SOURCE;
				MTL_FAST_MATH = YES;
				ONLY_ACTIVE_ARCH = YES;
				SDKROOT = iphoneos;
				SWIFT_ACTIVE_COMPILATION_CONDITIONS = DEBUG;
				SWIFT_OPTIMIZATION_LEVEL = "-Onone";
			};
			name = Debug;
		};
		0B3287D52A3B50EE0028B71D /* Release */ = {
			isa = XCBuildConfiguration;
			buildSettings = {
				ALWAYS_SEARCH_USER_PATHS = NO;
				CLANG_ANALYZER_NONNULL = YES;
				CLANG_ANALYZER_NUMBER_OBJECT_CONVERSION = YES_AGGRESSIVE;
				CLANG_CXX_LANGUAGE_STANDARD = "gnu++20";
				CLANG_ENABLE_MODULES = YES;
				CLANG_ENABLE_OBJC_ARC = YES;
				CLANG_ENABLE_OBJC_WEAK = YES;
				CLANG_WARN_BLOCK_CAPTURE_AUTORELEASING = YES;
				CLANG_WARN_BOOL_CONVERSION = YES;
				CLANG_WARN_COMMA = YES;
				CLANG_WARN_CONSTANT_CONVERSION = YES;
				CLANG_WARN_DEPRECATED_OBJC_IMPLEMENTATIONS = YES;
				CLANG_WARN_DIRECT_OBJC_ISA_USAGE = YES_ERROR;
				CLANG_WARN_DOCUMENTATION_COMMENTS = YES;
				CLANG_WARN_EMPTY_BODY = YES;
				CLANG_WARN_ENUM_CONVERSION = YES;
				CLANG_WARN_INFINITE_RECURSION = YES;
				CLANG_WARN_INT_CONVERSION = YES;
				CLANG_WARN_NON_LITERAL_NULL_CONVERSION = YES;
				CLANG_WARN_OBJC_IMPLICIT_RETAIN_SELF = YES;
				CLANG_WARN_OBJC_LITERAL_CONVERSION = YES;
				CLANG_WARN_OBJC_ROOT_CLASS = YES_ERROR;
				CLANG_WARN_QUOTED_INCLUDE_IN_FRAMEWORK_HEADER = YES;
				CLANG_WARN_RANGE_LOOP_ANALYSIS = YES;
				CLANG_WARN_STRICT_PROTOTYPES = YES;
				CLANG_WARN_SUSPICIOUS_MOVE = YES;
				CLANG_WARN_UNGUARDED_AVAILABILITY = YES_AGGRESSIVE;
				CLANG_WARN_UNREACHABLE_CODE = YES;
				CLANG_WARN__DUPLICATE_METHOD_MATCH = YES;
				COPY_PHASE_STRIP = NO;
				DEBUG_INFORMATION_FORMAT = "dwarf-with-dsym";
				ENABLE_NS_ASSERTIONS = NO;
				ENABLE_STRICT_OBJC_MSGSEND = YES;
				GCC_C_LANGUAGE_STANDARD = gnu11;
				GCC_NO_COMMON_BLOCKS = YES;
				GCC_WARN_64_TO_32_BIT_CONVERSION = YES;
				GCC_WARN_ABOUT_RETURN_TYPE = YES_ERROR;
				GCC_WARN_UNDECLARED_SELECTOR = YES;
				GCC_WARN_UNINITIALIZED_AUTOS = YES_AGGRESSIVE;
				GCC_WARN_UNUSED_FUNCTION = YES;
				GCC_WARN_UNUSED_VARIABLE = YES;
				IPHONEOS_DEPLOYMENT_TARGET = 16.4;
				MTL_ENABLE_DEBUG_INFO = NO;
				MTL_FAST_MATH = YES;
				SDKROOT = iphoneos;
				SWIFT_COMPILATION_MODE = wholemodule;
				SWIFT_OPTIMIZATION_LEVEL = "-O";
				VALIDATE_PRODUCT = YES;
			};
			name = Release;
		};
		0B3287D72A3B50EE0028B71D /* Debug */ = {
			isa = XCBuildConfiguration;
			baseConfigurationReference = 2264933908EA246829BD17B0 /* Pods-Coffee_app.debug.xcconfig */;
			buildSettings = {
				ASSETCATALOG_COMPILER_APPICON_NAME = AppIcon;
				ASSETCATALOG_COMPILER_GLOBAL_ACCENT_COLOR_NAME = AccentColor;
				CODE_SIGN_STYLE = Automatic;
				CURRENT_PROJECT_VERSION = 1;
				DEVELOPMENT_TEAM = UV7BZG88JS;
				GENERATE_INFOPLIST_FILE = YES;
				INFOPLIST_FILE = Coffee_app/Info.plist;
				INFOPLIST_KEY_UIApplicationSupportsIndirectInputEvents = YES;
				INFOPLIST_KEY_UILaunchStoryboardName = LaunchScreen;
				INFOPLIST_KEY_UIMainStoryboardFile = Main;
				INFOPLIST_KEY_UISupportedInterfaceOrientations = UIInterfaceOrientationPortrait;
				INFOPLIST_KEY_UISupportedInterfaceOrientations_iPad = "UIInterfaceOrientationLandscapeLeft UIInterfaceOrientationLandscapeRight UIInterfaceOrientationPortrait UIInterfaceOrientationPortraitUpsideDown";
				IPHONEOS_DEPLOYMENT_TARGET = 13.0;
				LD_RUNPATH_SEARCH_PATHS = (
					"$(inherited)",
					"@executable_path/Frameworks",
				);
				MARKETING_VERSION = 1.0;
				PRODUCT_BUNDLE_IDENTIFIER = "Fady.Coffee-app";
				PRODUCT_NAME = "$(TARGET_NAME)";
				SUPPORTED_PLATFORMS = "iphoneos iphonesimulator";
				SUPPORTS_MACCATALYST = NO;
				SUPPORTS_MAC_DESIGNED_FOR_IPHONE_IPAD = NO;
				SWIFT_EMIT_LOC_STRINGS = YES;
				SWIFT_VERSION = 5.0;
				TARGETED_DEVICE_FAMILY = 1;
			};
			name = Debug;
		};
		0B3287D82A3B50EE0028B71D /* Release */ = {
			isa = XCBuildConfiguration;
			baseConfigurationReference = 6971D2A40DF50D637260496A /* Pods-Coffee_app.release.xcconfig */;
			buildSettings = {
				ASSETCATALOG_COMPILER_APPICON_NAME = AppIcon;
				ASSETCATALOG_COMPILER_GLOBAL_ACCENT_COLOR_NAME = AccentColor;
				CODE_SIGN_STYLE = Automatic;
				CURRENT_PROJECT_VERSION = 1;
				DEVELOPMENT_TEAM = UV7BZG88JS;
				GENERATE_INFOPLIST_FILE = YES;
				INFOPLIST_FILE = Coffee_app/Info.plist;
				INFOPLIST_KEY_UIApplicationSupportsIndirectInputEvents = YES;
				INFOPLIST_KEY_UILaunchStoryboardName = LaunchScreen;
				INFOPLIST_KEY_UIMainStoryboardFile = Main;
				INFOPLIST_KEY_UISupportedInterfaceOrientations = UIInterfaceOrientationPortrait;
				INFOPLIST_KEY_UISupportedInterfaceOrientations_iPad = "UIInterfaceOrientationLandscapeLeft UIInterfaceOrientationLandscapeRight UIInterfaceOrientationPortrait UIInterfaceOrientationPortraitUpsideDown";
				IPHONEOS_DEPLOYMENT_TARGET = 13.0;
				LD_RUNPATH_SEARCH_PATHS = (
					"$(inherited)",
					"@executable_path/Frameworks",
				);
				MARKETING_VERSION = 1.0;
				PRODUCT_BUNDLE_IDENTIFIER = "Fady.Coffee-app";
				PRODUCT_NAME = "$(TARGET_NAME)";
				SUPPORTED_PLATFORMS = "iphoneos iphonesimulator";
				SUPPORTS_MACCATALYST = NO;
				SUPPORTS_MAC_DESIGNED_FOR_IPHONE_IPAD = NO;
				SWIFT_EMIT_LOC_STRINGS = YES;
				SWIFT_VERSION = 5.0;
				TARGETED_DEVICE_FAMILY = 1;
			};
			name = Release;
		};
/* End XCBuildConfiguration section */

/* Begin XCConfigurationList section */
		0B3287BD2A3B50ED0028B71D /* Build configuration list for PBXProject "Coffee_app" */ = {
			isa = XCConfigurationList;
			buildConfigurations = (
				0B3287D42A3B50EE0028B71D /* Debug */,
				0B3287D52A3B50EE0028B71D /* Release */,
			);
			defaultConfigurationIsVisible = 0;
			defaultConfigurationName = Release;
		};
		0B3287D62A3B50EE0028B71D /* Build configuration list for PBXNativeTarget "Coffee_app" */ = {
			isa = XCConfigurationList;
			buildConfigurations = (
				0B3287D72A3B50EE0028B71D /* Debug */,
				0B3287D82A3B50EE0028B71D /* Release */,
			);
			defaultConfigurationIsVisible = 0;
			defaultConfigurationName = Release;
		};
/* End XCConfigurationList section */
	};
	rootObject = 0B3287BA2A3B50ED0028B71D /* Project object */;
}
